
Microsoft Visual Studio Solution File, Format Version 12.00
# Visual Studio 14
VisualStudioVersion = 14.0.25420.1
MinimumVisualStudioVersion = 10.0.40219.1
Project("{FAE04EC0-301F-11D3-BF4B-00C04F79EFBC}") = "RUAP", "RUAP\RUAP.csproj", "{AC83D7E9-22BA-467D-BAEE-B9293B891695}"
EndProject
Global
	GlobalSection(SolutionConfigurationPlatforms) = preSolution
		Debug|Any CPU = Debug|Any CPU
		Release|Any CPU = Release|Any CPU
	EndGlobalSection
	GlobalSection(ProjectConfigurationPlatforms) = postSolution
		{AC83D7E9-22BA-467D-BAEE-B9293B891695}.Debug|Any CPU.ActiveCfg = Debug|Any CPU
		{AC83D7E9-22BA-467D-BAEE-B9293B891695}.Debug|Any CPU.Build.0 = Debug|Any CPU
		{AC83D7E9-22BA-467D-BAEE-B9293B891695}.Release|Any CPU.ActiveCfg = Release|Any CPU
		{AC83D7E9-22BA-467D-BAEE-B9293B891695}.Release|Any CPU.Build.0 = Release|Any CPU
	EndGlobalSection
	GlobalSection(SolutionProperties) = preSolution
		HideSolutionNode = FALSE
	EndGlobalSection
EndGlobal
